
Microsoft Visual Studio Solution File, Format Version 11.00
# Visual Studio 2010
Project("{FAE04EC0-301F-11D3-BF4B-00C04F79EFBC}") = "AR ZombieShooter", "Assembly-CSharp.csproj", "{3932E698-3C48-AB6B-344A-AE0F6A365E9E}"
EndProject
Project("{FAE04EC0-301F-11D3-BF4B-00C04F79EFBC}") = "AR ZombieShooter", "Assembly-CSharp-firstpass.csproj", "{D953F9C3-8FB5-2410-2AE3-137B56763A4A}"
EndProject
Project("{FAE04EC0-301F-11D3-BF4B-00C04F79EFBC}") = "AR ZombieShooter", "Assembly-CSharp-Editor-firstpass.csproj", "{2797F6A8-E163-293A-6E81-89FF87A50CBA}"
EndProject
Project("{FAE04EC0-301F-11D3-BF4B-00C04F79EFBC}") = "AR ZombieShooter", "Assembly-CSharp-Editor.csproj", "{5A36A7BF-CCF7-1047-0D90-D65E45ACA216}"
EndProject
Global
	GlobalSection(SolutionConfigurationPlatforms) = preSolution
		Debug|Any CPU = Debug|Any CPU
		Release|Any CPU = Release|Any CPU
	EndGlobalSection
	GlobalSection(ProjectConfigurationPlatforms) = postSolution
		{3932E698-3C48-AB6B-344A-AE0F6A365E9E}.Debug|Any CPU.ActiveCfg = Debug|Any CPU
		{3932E698-3C48-AB6B-344A-AE0F6A365E9E}.Debug|Any CPU.Build.0 = Debug|Any CPU
		{3932E698-3C48-AB6B-344A-AE0F6A365E9E}.Release|Any CPU.ActiveCfg = Release|Any CPU
		{3932E698-3C48-AB6B-344A-AE0F6A365E9E}.Release|Any CPU.Build.0 = Release|Any CPU
		{D953F9C3-8FB5-2410-2AE3-137B56763A4A}.Debug|Any CPU.ActiveCfg = Debug|Any CPU
		{D953F9C3-8FB5-2410-2AE3-137B56763A4A}.Debug|Any CPU.Build.0 = Debug|Any CPU
		{D953F9C3-8FB5-2410-2AE3-137B56763A4A}.Release|Any CPU.ActiveCfg = Release|Any CPU
		{D953F9C3-8FB5-2410-2AE3-137B56763A4A}.Release|Any CPU.Build.0 = Release|Any CPU
		{2797F6A8-E163-293A-6E81-89FF87A50CBA}.Debug|Any CPU.ActiveCfg = Debug|Any CPU
		{2797F6A8-E163-293A-6E81-89FF87A50CBA}.Debug|Any CPU.Build.0 = Debug|Any CPU
		{2797F6A8-E163-293A-6E81-89FF87A50CBA}.Release|Any CPU.ActiveCfg = Release|Any CPU
		{2797F6A8-E163-293A-6E81-89FF87A50CBA}.Release|Any CPU.Build.0 = Release|Any CPU
		{5A36A7BF-CCF7-1047-0D90-D65E45ACA216}.Debug|Any CPU.ActiveCfg = Debug|Any CPU
		{5A36A7BF-CCF7-1047-0D90-D65E45ACA216}.Debug|Any CPU.Build.0 = Debug|Any CPU
		{5A36A7BF-CCF7-1047-0D90-D65E45ACA216}.Release|Any CPU.ActiveCfg = Release|Any CPU
		{5A36A7BF-CCF7-1047-0D90-D65E45ACA216}.Release|Any CPU.Build.0 = Release|Any CPU
	EndGlobalSection
	GlobalSection(SolutionProperties) = preSolution
		HideSolutionNode = FALSE
	EndGlobalSection
	GlobalSection(MonoDevelopProperties) = preSolution
		StartupItem = Assembly-CSharp.csproj
	EndGlobalSection
EndGlobal
